schema: '2.0'
stages:
  build-damage-v1:
    cmd: uv run claimlens data build damage-v1
    deps:
    - path: config/datasets.toml
      hash: md5
      md5: 59443782382a9751dc46d08e9fe5b87d
      size: 1778
    - path: config/taxonomy.toml
      hash: md5
      md5: 86d35d5df5715813edecfb585e9a8918
      size: 1508
    - path: data/raw/cardd-roboflow-v6
      hash: md5
      md5: 7d6ea94bdf922af592bed3ebfac42e09.dir
      size: 347592997
      nfiles: 4006
    - path: data/raw/legacy-course-subset
      hash: md5
      md5: 06073dff8dcc55d2b18a752cc3b50b76.dir
      size: 23099830
      nfiles: 681
    - path: evals/golden/v1/claims.jsonl
      hash: md5
      md5: 38ca42c4619da244f5c5071a2f608f37
      size: 33809
    - path: src/claimlens/data
      hash: md5
      md5: cad6b828ce92202dbd61098d8c9141d6.dir
      size: 34552
      nfiles: 13
    outs:
    - path: data/interim/damage-v1
      hash: md5
      md5: 675d8551721d8dfe4feb99632cd86290.dir
      size: 9741440
      nfiles: 3
    - path: data/processed/damage-v1
      hash: md5
      md5: cc56ac5162bfc4fdad163862267fedbd.dir
      size: 347098822
      nfiles: 8001
    - path: reports/data/damage-v1-stats.json
      hash: md5
      md5: 182dfd36d5f12af908e7cedfcda48d04
      size: 660
    - path: reports/data/damage-v1-stats.md
      hash: md5
      md5: 3fc87c381a128c54ca814469fbca54a1
      size: 469
    - path: reports/data/damage-v1-validation.json
      hash: md5
      md5: 504f45b31421a7bd114e8990e5826d94
      size: 87
  build-parts-v1:
    cmd: uv run claimlens data build parts-v1
    deps:
    - path: config/datasets.toml
      hash: md5
      md5: 59443782382a9751dc46d08e9fe5b87d
      size: 1778
    - path: config/taxonomy.toml
      hash: md5
      md5: 86d35d5df5715813edecfb585e9a8918
      size: 1508
    - path: data/raw/carparts-seg
      hash: md5
      md5: a008a1f49dd5e752d186d834145efbc2.dir
      size: 148194000
      nfiles: 7668
    - path: src/claimlens/data
      hash: md5
      md5: cad6b828ce92202dbd61098d8c9141d6.dir
      size: 34552
      nfiles: 13
    outs:
    - path: data/interim/parts-v1
      hash: md5
      md5: 0f26bac1f6c9be55554eaa1ddad2ed79.dir
      size: 10371767
      nfiles: 3
    - path: data/processed/parts-v1
      hash: md5
      md5: 9764aa90d16ea83ad39939789180e590.dir
      size: 141344614
      nfiles: 7667
    - path: reports/data/parts-v1-stats.json
      hash: md5
      md5: 59b3246e19173f7474e5d25ef64b648b
      size: 1842
    - path: reports/data/parts-v1-stats.md
      hash: md5
      md5: 4bff6a8eaebc71f900b85ffb33ba6c82
      size: 1060
    - path: reports/data/parts-v1-validation.json
      hash: md5
      md5: 05347b44da4e6346e069b4e785bbd864
      size: 90
  autolabel-fusion-eval-v1:
    cmd: uv run --group autolabel claimlens data autolabel fusion-eval-v1
    deps:
    - path: config/autolabel.toml
      hash: md5
      md5: 376d964926c3142c9ab7aa879b848581
      size: 586
    - path: config/taxonomy.toml
      hash: md5
      md5: 86d35d5df5715813edecfb585e9a8918
      size: 1508
    - path: data/interim/damage-v1
      hash: md5
      md5: 675d8551721d8dfe4feb99632cd86290.dir
      size: 9741440
      nfiles: 3
    - path: src/claimlens/autolabel
      hash: md5
      md5: 02280be27a02054c4cd44922bed13b8f.dir
      size: 10197
      nfiles: 5
    outs:
    - path: data/interim/fusion-eval-v1
      hash: md5
      md5: 204d225099a72366259871c6effc1ea9.dir
      size: 140164
      nfiles: 1
    - path: reports/data/fusion-eval-v1-autolabel.json
      hash: md5
      md5: 58bcd73bc6154fe23da67fa3271d4661
      size: 365
  build-fusion-eval-v1:
    cmd: uv run claimlens review apply parts --job fusion-eval-v1
    deps:
    - path: data/interim/fusion-eval-v1
      hash: md5
      md5: 204d225099a72366259871c6effc1ea9.dir
      size: 140164
      nfiles: 1
    - path: reviews/fusion-eval-v1.json
      hash: md5
      md5: 1c83d8a90e1a1186b66d670916e0f3c4
      size: 38335
    - path: src/claimlens/review/decisions.py
      hash: md5
      md5: 49e1fcc88a41549a44190aff9204383e
      size: 3145
    outs:
    - path: data/processed/fusion-eval-v1
      hash: md5
      md5: 43c59800dd05d7e495a0e2c57fbbc26e.dir
      size: 54304
      nfiles: 1
    - path: reports/data/fusion-eval-v1-review.json
      hash: md5
      md5: 9293a05611648c41569ce879e337f9a9
      size: 127
